
Microsoft Visual Studio Solution File, Format Version 12.00
# Visual Studio 15
VisualStudioVersion = 15.0.27428.2043
MinimumVisualStudioVersion = 10.0.40219.1
Project("{FAE04EC0-301F-11D3-BF4B-00C04F79EFBC}") = "FilmLibrary", "FilmLibrary\FilmLibrary.csproj", "{14D59944-4817-419F-B359-F976CEA021A9}"
EndProject
Project("{FAE04EC0-301F-11D3-BF4B-00C04F79EFBC}") = "XMLUtil", "XMLUtil\XMLUtil.csproj", "{E2C051D5-2087-492B-9C21-7756F3346568}"
EndProject
Project("{FAE04EC0-301F-11D3-BF4B-00C04F79EFBC}") = "FilmLibrarySpecs", "FilmLibrarySpecs\FilmLibrarySpecs.csproj", "{C572C75A-90D6-4044-9C23-B2FBCAA3CCCD}"
EndProject
Global
	GlobalSection(SolutionConfigurationPlatforms) = preSolution
		Debug|Any CPU = Debug|Any CPU
		Release|Any CPU = Release|Any CPU
	EndGlobalSection
	GlobalSection(ProjectConfigurationPlatforms) = postSolution
		{14D59944-4817-419F-B359-F976CEA021A9}.Debug|Any CPU.ActiveCfg = Debug|Any CPU
		{14D59944-4817-419F-B359-F976CEA021A9}.Debug|Any CPU.Build.0 = Debug|Any CPU
		{14D59944-4817-419F-B359-F976CEA021A9}.Release|Any CPU.ActiveCfg = Release|Any CPU
		{14D59944-4817-419F-B359-F976CEA021A9}.Release|Any CPU.Build.0 = Release|Any CPU
		{E2C051D5-2087-492B-9C21-7756F3346568}.Debug|Any CPU.ActiveCfg = Debug|Any CPU
		{E2C051D5-2087-492B-9C21-7756F3346568}.Debug|Any CPU.Build.0 = Debug|Any CPU
		{E2C051D5-2087-492B-9C21-7756F3346568}.Release|Any CPU.ActiveCfg = Release|Any CPU
		{E2C051D5-2087-492B-9C21-7756F3346568}.Release|Any CPU.Build.0 = Release|Any CPU
		{C572C75A-90D6-4044-9C23-B2FBCAA3CCCD}.Debug|Any CPU.ActiveCfg = Debug|Any CPU
		{C572C75A-90D6-4044-9C23-B2FBCAA3CCCD}.Debug|Any CPU.Build.0 = Debug|Any CPU
		{C572C75A-90D6-4044-9C23-B2FBCAA3CCCD}.Release|Any CPU.ActiveCfg = Release|Any CPU
		{C572C75A-90D6-4044-9C23-B2FBCAA3CCCD}.Release|Any CPU.Build.0 = Release|Any CPU
	EndGlobalSection
	GlobalSection(SolutionProperties) = preSolution
		HideSolutionNode = FALSE
	EndGlobalSection
	GlobalSection(ExtensibilityGlobals) = postSolution
		SolutionGuid = {824E4C18-588E-4A4A-B1DD-C65542F2C557}
	EndGlobalSection
EndGlobal
